
Microsoft Visual Studio Solution File, Format Version 12.00
# Visual Studio Version 17
VisualStudioVersion = 17.12.35728.132
MinimumVisualStudioVersion = 10.0.40219.1
Project("{FAE04EC0-301F-11D3-BF4B-00C04F79EFBC}") = "WebApp.Server", "WebApp\WebApp.Server\WebApp.Server.csproj", "{27F3CBB9-81C0-417B-B9F2-B1918D431984}"
EndProject
Project("{54A90642-561A-4BB1-A94E-469ADEE60C69}") = "webapp.client", "WebApp\webapp.client\webapp.client.esproj", "{223D365E-BBE8-46CB-8D27-53E81BAF3417}"
EndProject
Project("{FAE04EC0-301F-11D3-BF4B-00C04F79EFBC}") = "Application", "Application\Application.csproj", "{5DF515E1-3F70-4663-82D1-85BDF549749B}"
EndProject
Project("{FAE04EC0-301F-11D3-BF4B-00C04F79EFBC}") = "Infrastructure", "Infrastructure\Infrastructure.csproj", "{CD1E3C51-E2E2-4A9F-82BC-43AEAB041160}"
EndProject
Project("{FAE04EC0-301F-11D3-BF4B-00C04F79EFBC}") = "Domain", "Domain\Domain.csproj", "{B9A343E2-FCD3-458C-ACBB-6A70EC87FD72}"
EndProject
Project("{2150E333-8FDC-42A3-9474-1A3956D46DE8}") = "Éléments de solution", "Éléments de solution", "{066374BE-1E27-4852-B96A-7C9D45499BC7}"
	ProjectSection(SolutionItems) = preProject
		..\.gitignore = ..\.gitignore
	EndProjectSection
EndProject
Project("{2150E333-8FDC-42A3-9474-1A3956D46DE8}") = "Tests", "Tests", "{A7A2FB63-8EC8-48F5-93E8-B8F731B37B76}"
EndProject
Project("{FAE04EC0-301F-11D3-BF4B-00C04F79EFBC}") = "Application.Tests", "Tests\Application.Tests\Application.Tests.csproj", "{05D7DA91-3BF5-4FCA-8F78-59FCBC911718}"
EndProject
Global
	GlobalSection(SolutionConfigurationPlatforms) = preSolution
		Debug|Any CPU = Debug|Any CPU
		Release|Any CPU = Release|Any CPU
	EndGlobalSection
	GlobalSection(ProjectConfigurationPlatforms) = postSolution
		{27F3CBB9-81C0-417B-B9F2-B1918D431984}.Debug|Any CPU.ActiveCfg = Debug|Any CPU
		{27F3CBB9-81C0-417B-B9F2-B1918D431984}.Debug|Any CPU.Build.0 = Debug|Any CPU
		{27F3CBB9-81C0-417B-B9F2-B1918D431984}.Release|Any CPU.ActiveCfg = Release|Any CPU
		{27F3CBB9-81C0-417B-B9F2-B1918D431984}.Release|Any CPU.Build.0 = Release|Any CPU
		{223D365E-BBE8-46CB-8D27-53E81BAF3417}.Debug|Any CPU.ActiveCfg = Debug|Any CPU
		{223D365E-BBE8-46CB-8D27-53E81BAF3417}.Debug|Any CPU.Build.0 = Debug|Any CPU
		{223D365E-BBE8-46CB-8D27-53E81BAF3417}.Debug|Any CPU.Deploy.0 = Debug|Any CPU
		{223D365E-BBE8-46CB-8D27-53E81BAF3417}.Release|Any CPU.ActiveCfg = Release|Any CPU
		{223D365E-BBE8-46CB-8D27-53E81BAF3417}.Release|Any CPU.Build.0 = Release|Any CPU
		{223D365E-BBE8-46CB-8D27-53E81BAF3417}.Release|Any CPU.Deploy.0 = Release|Any CPU
		{5DF515E1-3F70-4663-82D1-85BDF549749B}.Debug|Any CPU.ActiveCfg = Debug|Any CPU
		{5DF515E1-3F70-4663-82D1-85BDF549749B}.Debug|Any CPU.Build.0 = Debug|Any CPU
		{5DF515E1-3F70-4663-82D1-85BDF549749B}.Release|Any CPU.ActiveCfg = Release|Any CPU
		{5DF515E1-3F70-4663-82D1-85BDF549749B}.Release|Any CPU.Build.0 = Release|Any CPU
		{CD1E3C51-E2E2-4A9F-82BC-43AEAB041160}.Debug|Any CPU.ActiveCfg = Debug|Any CPU
		{CD1E3C51-E2E2-4A9F-82BC-43AEAB041160}.Debug|Any CPU.Build.0 = Debug|Any CPU
		{CD1E3C51-E2E2-4A9F-82BC-43AEAB041160}.Release|Any CPU.ActiveCfg = Release|Any CPU
		{CD1E3C51-E2E2-4A9F-82BC-43AEAB041160}.Release|Any CPU.Build.0 = Release|Any CPU
		{B9A343E2-FCD3-458C-ACBB-6A70EC87FD72}.Debug|Any CPU.ActiveCfg = Debug|Any CPU
		{B9A343E2-FCD3-458C-ACBB-6A70EC87FD72}.Debug|Any CPU.Build.0 = Debug|Any CPU
		{B9A343E2-FCD3-458C-ACBB-6A70EC87FD72}.Release|Any CPU.ActiveCfg = Release|Any CPU
		{B9A343E2-FCD3-458C-ACBB-6A70EC87FD72}.Release|Any CPU.Build.0 = Release|Any CPU
		{05D7DA91-3BF5-4FCA-8F78-59FCBC911718}.Debug|Any CPU.ActiveCfg = Debug|Any CPU
		{05D7DA91-3BF5-4FCA-8F78-59FCBC911718}.Debug|Any CPU.Build.0 = Debug|Any CPU
		{05D7DA91-3BF5-4FCA-8F78-59FCBC911718}.Release|Any CPU.ActiveCfg = Release|Any CPU
		{05D7DA91-3BF5-4FCA-8F78-59FCBC911718}.Release|Any CPU.Build.0 = Release|Any CPU
	EndGlobalSection
	GlobalSection(SolutionProperties) = preSolution
		HideSolutionNode = FALSE
	EndGlobalSection
	GlobalSection(NestedProjects) = preSolution
		{05D7DA91-3BF5-4FCA-8F78-59FCBC911718} = {A7A2FB63-8EC8-48F5-93E8-B8F731B37B76}
	EndGlobalSection
EndGlobal
